
Microsoft Visual Studio Solution File, Format Version 12.00
# Visual Studio Version 17
VisualStudioVersion = 17.6.33829.357
MinimumVisualStudioVersion = 10.0.40219.1
Project("{FAE04EC0-301F-11D3-BF4B-00C04F79EFBC}") = "WorkerServicePractice", "WorkerServicePractice.csproj", "{9D10EB89-519F-462A-8E2B-33DEA23DA6FB}"
EndProject
Global
	GlobalSection(SolutionConfigurationPlatforms) = preSolution
		Debug|Any CPU = Debug|Any CPU
		Release|Any CPU = Release|Any CPU
	EndGlobalSection
	GlobalSection(ProjectConfigurationPlatforms) = postSolution
		{9D10EB89-519F-462A-8E2B-33DEA23DA6FB}.Debug|Any CPU.ActiveCfg = Debug|Any CPU
		{9D10EB89-519F-462A-8E2B-33DEA23DA6FB}.Debug|Any CPU.Build.0 = Debug|Any CPU
		{9D10EB89-519F-462A-8E2B-33DEA23DA6FB}.Release|Any CPU.ActiveCfg = Release|Any CPU
		{9D10EB89-519F-462A-8E2B-33DEA23DA6FB}.Release|Any CPU.Build.0 = Release|Any CPU
	EndGlobalSection
	GlobalSection(SolutionProperties) = preSolution
		HideSolutionNode = FALSE
	EndGlobalSection
	GlobalSection(ExtensibilityGlobals) = postSolution
		SolutionGuid = {58BE6146-4515-46F1-A95D-913ADDF165A7}
	EndGlobalSection
EndGlobal
